github.com/vistormu/go-dsa v0.0.7 h1:xtXEbngTATtD9oUNciVVajHP/wLZKYi5S6JlKWCV8wQ=
github.com/vistormu/go-dsa v0.0.7/go.mod h1:SU4LvqUWXZcG2zPXVCI9gtefJKzWeNW4xGo1q8OmfFI=
github.com/yalue/onnxruntime_go v1.16.0 h1:YyHfuGsEy5AODMbXGePCGfIZ7DgeGW40gOu5TPDE2t4=
github.com/yalue/onnxruntime_go v1.16.0/go.mod h1:b4X26A8pekNb1ACJ58wAXgNKeUCGEAQ9dmACut9Sm/4=
